// !$*UTF8*$!
{
	archiveVersion = 1;
	classes = {
	};
	objectVersion = 48;
	objects = {

/* Begin PBXBuildFile section */
		434F70651FA77983008AA9ED /* AppDelegate.swift in Sources */ = {isa = PBXBuildFile; fileRef = 434F70641FA77983008AA9ED /* AppDelegate.swift */; };
		434F70671FA77983008AA9ED /* ViewController.swift in Sources */ = {isa = PBXBuildFile; fileRef = 434F70661FA77983008AA9ED /* ViewController.swift */; };
		434F706A1FA77983008AA9ED /* Main.storyboard in Resources */ = {isa = PBXBuildFile; fileRef = 434F70681FA77983008AA9ED /* Main.storyboard */; };
		434F706D1FA77983008AA9ED /* Magic_8_Ball.xcdatamodeld in Sources */ = {isa = PBXBuildFile; fileRef = 434F706B1FA77983008AA9ED /* Magic_8_Ball.xcdatamodeld */; };
		434F706F1FA77983008AA9ED /* Assets.xcassets in Resources */ = {isa = PBXBuildFile; fileRef = 434F706E1FA77983008AA9ED /* Assets.xcassets */; };
		434F70721FA77983008AA9ED /* LaunchScreen.storyboard in Resources */ = {isa = PBXBuildFile; fileRef = 434F70701FA77983008AA9ED /* LaunchScreen.storyboard */; };
		434F707D1FA77983008AA9ED /* Magic_8_BallTests.swift in Sources */ = {isa = PBXBuildFile; fileRef = 434F707C1FA77983008AA9ED /* Magic_8_BallTests.swift */; };
/* End PBXBuildFile section */

/* Begin PBXContainerItemProxy section */
		434F70791FA77983008AA9ED /* PBXContainerItemProxy */ = {
			isa = PBXContainerItemProxy;
			containerPortal = 434F70591FA77983008AA9ED /* Project object */;
			proxyType = 1;
			remoteGlobalIDString = 434F70601FA77983008AA9ED;
			remoteInfo = "Magic 8 Ball";
		};
/* End PBXContainerItemProxy section */

/* Begin PBXFileReference section */
		434F70611FA77983008AA9ED /* Magic 8 Ball.app */ = {isa = PBXFileReference; explicitFileType = wrapper.application; includeInIndex = 0; path = "Magic 8 Ball.app"; sourceTree = BUILT_PRODUCTS_DIR; };
		434F70641FA77983008AA9ED /* AppDelegate.swift */ = {isa = PBXFileReference; lastKnownFileType = sourcecode.swift; path = AppDelegate.swift; sourceTree = "<group>"; };
		434F70661FA77983008AA9ED /* ViewController.swift */ = {isa = PBXFileReference; lastKnownFileType = sourcecode.swift; path = ViewController.swift; sourceTree = "<group>"; };
		434F70691FA77983008AA9ED /* Base */ = {isa = PBXFileReference; lastKnownFileType = file.storyboard; name = Base; path = Base.lproj/Main.storyboard; sourceTree = "<group>"; };
		434F706C1FA77983008AA9ED /* Magic_8_Ball.xcdatamodel */ = {isa = PBXFileReference; lastKnownFileType = wrapper.xcdatamodel; path = Magic_8_Ball.xcdatamodel; sourceTree = "<group>"; };
		434F706E1FA77983008AA9ED /* Assets.xcassets */ = {isa = PBXFileReference; lastKnownFileType = folder.assetcatalog; path = Assets.xcassets; sourceTree = "<group>"; };
		434F70711FA77983008AA9ED /* Base */ = {isa = PBXFileReference; lastKnownFileType = file.storyboard; name = Base; path = Base.lproj/LaunchScreen.storyboard; sourceTree = "<group>"; };
		434F70731FA77983008AA9ED /* Info.plist */ = {isa = PBXFileReference; lastKnownFileType = text.plist.xml; path = Info.plist; sourceTree = "<group>"; };
		434F70781FA77983008AA9ED /* Magic 8 BallTests.xctest */ = {isa = PBXFileReference; explicitFileType = wrapper.cfbundle; includeInIndex = 0; path = "Magic 8 BallTests.xctest"; sourceTree = BUILT_PRODUCTS_DIR; };
		434F707C1FA77983008AA9ED /* Magic_8_BallTests.swift */ = {isa = PBXFileReference; lastKnownFileType = sourcecode.swift; path = Magic_8_BallTests.swift; sourceTree = "<group>"; };
		434F707E1FA77983008AA9ED /* Info.plist */ = {isa = PBXFileReference; lastKnownFileType = text.plist.xml; path = Info.plist; sourceTree = "<group>"; };
/* End PBXFileReference section */

/* Begin PBXFrameworksBuildPhase section */
		434F705E1FA77983008AA9ED /* Frameworks */ = {
			isa = PBXFrameworksBuildPhase;
			buildActionMask = 2147483647;
			files = (
			);
			runOnlyForDeploymentPostprocessing = 0;
		};
		434F70751FA77983008AA9ED /* Frameworks */ = {
			isa = PBXFrameworksBuildPhase;
			buildActionMask = 2147483647;
			files = (
			);
			runOnlyForDeploymentPostprocessing = 0;
		};
/* End PBXFrameworksBuildPhase section */

/* Begin PBXGroup section */
		434F70581FA77983008AA9ED = {
			isa = PBXGroup;
			children = (
				434F70631FA77983008AA9ED /* Magic 8 Ball */,
				434F707B1FA77983008AA9ED /* Magic 8 BallTests */,
				434F70621FA77983008AA9ED /* Products */,
			);
			sourceTree = "<group>";
		};
		434F70621FA77983008AA9ED /* Products */ = {
			isa = PBXGroup;
			children = (
				434F70611FA77983008AA9ED /* Magic 8 Ball.app */,
				434F70781FA77983008AA9ED /* Magic 8 BallTests.xctest */,
			);
			name = Products;
			sourceTree = "<group>";
		};
		434F70631FA77983008AA9ED /* Magic 8 Ball */ = {
			isa = PBXGroup;
			children = (
				434F70641FA77983008AA9ED /* AppDelegate.swift */,
				434F70661FA77983008AA9ED /* ViewController.swift */,
				434F70681FA77983008AA9ED /* Main.storyboard */,
				434F706E1FA77983008AA9ED /* Assets.xcassets */,
				434F70701FA77983008AA9ED /* LaunchScreen.storyboard */,
				434F70731FA77983008AA9ED /* Info.plist */,
				434F706B1FA77983008AA9ED /* Magic_8_Ball.xcdatamodeld */,
			);
			path = "Magic 8 Ball";
			sourceTree = "<group>";
		};
		434F707B1FA77983008AA9ED /* Magic 8 BallTests */ = {
			isa = PBXGroup;
			children = (
				434F707C1FA77983008AA9ED /* Magic_8_BallTests.swift */,
				434F707E1FA77983008AA9ED /* Info.plist */,
			);
			path = "Magic 8 BallTests";
			sourceTree = "<group>";
		};
/* End PBXGroup section */

/* Begin PBXNativeTarget section */
		434F70601FA77983008AA9ED /* Magic 8 Ball */ = {
			isa = PBXNativeTarget;
			buildConfigurationList = 434F70811FA77983008AA9ED /* Build configuration list for PBXNativeTarget "Magic 8 Ball" */;
			buildPhases = (
				434F705D1FA77983008AA9ED /* Sources */,
				434F705E1FA77983008AA9ED /* Frameworks */,
				434F705F1FA77983008AA9ED /* Resources */,
			);
			buildRules = (
			);
			dependencies = (
			);
			name = "Magic 8 Ball";
			productName = "Magic 8 Ball";
			productReference = 434F70611FA77983008AA9ED /* Magic 8 Ball.app */;
			productType = "com.apple.product-type.application";
		};
		434F70771FA77983008AA9ED /* Magic 8 BallTests */ = {
			isa = PBXNativeTarget;
			buildConfigurationList = 434F70841FA77983008AA9ED /* Build configuration list for PBXNativeTarget "Magic 8 BallTests" */;
			buildPhases = (
				434F70741FA77983008AA9ED /* Sources */,
				434F70751FA77983008AA9ED /* Frameworks */,
				434F70761FA77983008AA9ED /* Resources */,
			);
			buildRules = (
			);
			dependencies = (
				434F707A1FA77983008AA9ED /* PBXTargetDependency */,
			);
			name = "Magic 8 BallTests";
			productName = "Magic 8 BallTests";
			productReference = 434F70781FA77983008AA9ED /* Magic 8 BallTests.xctest */;
			productType = "com.apple.product-type.bundle.unit-test";
		};
/* End PBXNativeTarget section */

/* Begin PBXProject section */
		434F70591FA77983008AA9ED /* Project object */ = {
			isa = PBXProject;
			attributes = {
				LastSwiftUpdateCheck = 0900;
				LastUpgradeCheck = 0900;
				ORGANIZATIONNAME = Benjamin;
				TargetAttributes = {
					434F70601FA77983008AA9ED = {
						CreatedOnToolsVersion = 9.0.1;
						ProvisioningStyle = Automatic;
					};
					434F70771FA77983008AA9ED = {
						CreatedOnToolsVersion = 9.0.1;
						ProvisioningStyle = Automatic;
						TestTargetID = 434F70601FA77983008AA9ED;
					};
				};
			};
			buildConfigurationList = 434F705C1FA77983008AA9ED /* Build configuration list for PBXProject "Magic 8 Ball" */;
			compatibilityVersion = "Xcode 8.0";
			developmentRegion = en;
			hasScannedForEncodings = 0;
			knownRegions = (
				en,
				Base,
			);
			mainGroup = 434F70581FA77983008AA9ED;
			productRefGroup = 434F70621FA77983008AA9ED /* Products */;
			projectDirPath = "";
			projectRoot = "";
			targets = (
				434F70601FA77983008AA9ED /* Magic 8 Ball */,
				434F70771FA77983008AA9ED /* Magic 8 BallTests */,
			);
		};
/* End PBXProject section */

/* Begin PBXResourcesBuildPhase section */
		434F705F1FA77983008AA9ED /* Resources */ = {
			isa = PBXResourcesBuildPhase;
			buildActionMask = 2147483647;
			files = (
				434F70721FA77983008AA9ED /* LaunchScreen.storyboard in Resources */,
				434F706F1FA77983008AA9ED /* Assets.xcassets in Resources */,
				434F706A1FA77983008AA9ED /* Main.storyboard in Resources */,
			);
			runOnlyForDeploymentPostprocessing = 0;
		};
		434F70761FA77983008AA9ED /* Resources */ = {
			isa = PBXResourcesBuildPhase;
			buildActionMask = 2147483647;
			files = (
			);
			runOnlyForDeploymentPostprocessing = 0;
		};
/* End PBXResourcesBuildPhase section */

/* Begin PBXSourcesBuildPhase section */
		434F705D1FA77983008AA9ED /* Sources */ = {
			isa = PBXSourcesBuildPhase;
			buildActionMask = 2147483647;
			files = (
				434F70671FA77983008AA9ED /* ViewController.swift in Sources */,
				434F70651FA77983008AA9ED /* AppDelegate.swift in Sources */,
				434F706D1FA77983008AA9ED /* Magic_8_Ball.xcdatamodeld in Sources */,
			);
			runOnlyForDeploymentPostprocessing = 0;
		};
		434F70741FA77983008AA9ED /* Sources */ = {
			isa = PBXSourcesBuildPhase;
			buildActionMask = 2147483647;
			files = (
				434F707D1FA77983008AA9ED /* Magic_8_BallTests.swift in Sources */,
			);
			runOnlyForDeploymentPostprocessing = 0;
		};
/* End PBXSourcesBuildPhase section */

/* Begin PBXTargetDependency section */
		434F707A1FA77983008AA9ED /* PBXTargetDependency */ = {
			isa = PBXTargetDependency;
			target = 434F70601FA77983008AA9ED /* Magic 8 Ball */;
			targetProxy = 434F70791FA77983008AA9ED /* PBXContainerItemProxy */;
		};
/* End PBXTargetDependency section */

/* Begin PBXVariantGroup section */
		434F70681FA77983008AA9ED /* Main.storyboard */ = {
			isa = PBXVariantGroup;
			children = (
				434F70691FA77983008AA9ED /* Base */,
			);
			name = Main.storyboard;
			sourceTree = "<group>";
		};
		434F70701FA77983008AA9ED /* LaunchScreen.storyboard */ = {
			isa = PBXVariantGroup;
			children = (
				434F70711FA77983008AA9ED /* Base */,
			);
			name = LaunchScreen.storyboard;
			sourceTree = "<group>";
		};
/* End PBXVariantGroup section */

/* Begin XCBuildConfiguration section */
		434F707F1FA77983008AA9ED /* Debug */ = {
			isa = XCBuildConfiguration;
			buildSettings = {
				ALWAYS_SEARCH_USER_PATHS = NO;
				CLANG_ANALYZER_NONNULL = YES;
				CLANG_ANALYZER_NUMBER_OBJECT_CONVERSION = YES_AGGRESSIVE;
				CLANG_CXX_LANGUAGE_STANDARD = "gnu++14";
				CLANG_CXX_LIBRARY = "libc++";
				CLANG_ENABLE_MODULES = YES;
				CLANG_ENABLE_OBJC_ARC = YES;
				CLANG_WARN_BLOCK_CAPTURE_AUTORELEASING = YES;
				CLANG_WARN_BOOL_CONVERSION = YES;
				CLANG_WARN_COMMA = YES;
				CLANG_WARN_CONSTANT_CONVERSION = YES;
				CLANG_WARN_DIRECT_OBJC_ISA_USAGE = YES_ERROR;
				CLANG_WARN_DOCUMENTATION_COMMENTS = YES;
				CLANG_WARN_EMPTY_BODY = YES;
				CLANG_WARN_ENUM_CONVERSION = YES;
				CLANG_WARN_INFINITE_RECURSION = YES;
				CLANG_WARN_INT_CONVERSION = YES;
				CLANG_WARN_NON_LITERAL_NULL_CONVERSION = YES;
				CLANG_WARN_OBJC_LITERAL_CONVERSION = YES;
				CLANG_WARN_OBJC_ROOT_CLASS = YES_ERROR;
				CLANG_WARN_RANGE_LOOP_ANALYSIS = YES;
				CLANG_WARN_STRICT_PROTOTYPES = YES;
				CLANG_WARN_SUSPICIOUS_MOVE = YES;
				CLANG_WARN_UNGUARDED_AVAILABILITY = YES_AGGRESSIVE;
				CLANG_WARN_UNREACHABLE_CODE = YES;
				CLANG_WARN__DUPLICATE_METHOD_MATCH = YES;
				CODE_SIGN_IDENTITY = "iPhone Developer";
				COPY_PHASE_STRIP = NO;
				DEBUG_INFORMATION_FORMAT = dwarf;
				ENABLE_STRICT_OBJC_MSGSEND = YES;
				ENABLE_TESTABILITY = YES;
				GCC_C_LANGUAGE_STANDARD = gnu11;
				GCC_DYNAMIC_NO_PIC = NO;
				GCC_NO_COMMON_BLOCKS = YES;
				GCC_OPTIMIZATION_LEVEL = 0;
				GCC_PREPROCESSOR_DEFINITIONS = (
					"DEBUG=1",
					"$(inherited)",
				);
				GCC_WARN_64_TO_32_BIT_CONVERSION = YES;
				GCC_WARN_ABOUT_RETURN_TYPE = YES_ERROR;
				GCC_WARN_UNDECLARED_SELECTOR = YES;
				GCC_WARN_UNINITIALIZED_AUTOS = YES_AGGRESSIVE;
				GCC_WARN_UNUSED_FUNCTION = YES;
				GCC_WARN_UNUSED_VARIABLE = YES;
				IPHONEOS_DEPLOYMENT_TARGET = 11.0;
				MTL_ENABLE_DEBUG_INFO = YES;
				ONLY_ACTIVE_ARCH = YES;
				SDKROOT = iphoneos;
				SWIFT_ACTIVE_COMPILATION_CONDITIONS = DEBUG;
				SWIFT_OPTIMIZATION_LEVEL = "-Onone";
			};
			name = Debug;
		};
		434F70801FA77983008AA9ED /* Release */ = {
			isa = XCBuildConfiguration;
			buildSettings = {
				ALWAYS_SEARCH_USER_PATHS = NO;
				CLANG_ANALYZER_NONNULL = YES;
				CLANG_ANALYZER_NUMBER_OBJECT_CONVERSION = YES_AGGRESSIVE;
				CLANG_CXX_LANGUAGE_STANDARD = "gnu++14";
				CLANG_CXX_LIBRARY = "libc++";
				CLANG_ENABLE_MODULES = YES;
				CLANG_ENABLE_OBJC_ARC = YES;
				CLANG_WARN_BLOCK_CAPTURE_AUTORELEASING = YES;
				CLANG_WARN_BOOL_CONVERSION = YES;
				CLANG_WARN_COMMA = YES;
				CLANG_WARN_CONSTANT_CONVERSION = YES;
				CLANG_WARN_DIRECT_OBJC_ISA_USAGE = YES_ERROR;
				CLANG_WARN_DOCUMENTATION_COMMENTS = YES;
				CLANG_WARN_EMPTY_BODY = YES;
				CLANG_WARN_ENUM_CONVERSION = YES;
				CLANG_WARN_INFINITE_RECURSION = YES;
				CLANG_WARN_INT_CONVERSION = YES;
				CLANG_WARN_NON_LITERAL_NULL_CONVERSION = YES;
				CLANG_WARN_OBJC_LITERAL_CONVERSION = YES;
				CLANG_WARN_OBJC_ROOT_CLASS = YES_ERROR;
				CLANG_WARN_RANGE_LOOP_ANALYSIS = YES;
				CLANG_WARN_STRICT_PROTOTYPES = YES;
				CLANG_WARN_SUSPICIOUS_MOVE = YES;
				CLANG_WARN_UNGUARDED_AVAILABILITY = YES_AGGRESSIVE;
				CLANG_WARN_UNREACHABLE_CODE = YES;
				CLANG_WARN__DUPLICATE_METHOD_MATCH = YES;
				CODE_SIGN_IDENTITY = "iPhone Developer";
				COPY_PHASE_STRIP = NO;
				DEBUG_INFORMATION_FORMAT = "dwarf-with-dsym";
				ENABLE_NS_ASSERTIONS = NO;
				ENABLE_STRICT_OBJC_MSGSEND = YES;
				GCC_C_LANGUAGE_STANDARD = gnu11;
				GCC_NO_COMMON_BLOCKS = YES;
				GCC_WARN_64_TO_32_BIT_CONVERSION = YES;
				GCC_WARN_ABOUT_RETURN_TYPE = YES_ERROR;
				GCC_WARN_UNDECLARED_SELECTOR = YES;
				GCC_WARN_UNINITIALIZED_AUTOS = YES_AGGRESSIVE;
				GCC_WARN_UNUSED_FUNCTION = YES;
				GCC_WARN_UNUSED_VARIABLE = YES;
				IPHONEOS_DEPLOYMENT_TARGET = 11.0;
				MTL_ENABLE_DEBUG_INFO = NO;
				SDKROOT = iphoneos;
				SWIFT_OPTIMIZATION_LEVEL = "-Owholemodule";
				VALIDATE_PRODUCT = YES;
			};
			name = Release;
		};
		434F70821FA77983008AA9ED /* Debug */ = {
			isa = XCBuildConfiguration;
			buildSettings = {
				ASSETCATALOG_COMPILER_APPICON_NAME = AppIcon;
				CODE_SIGN_STYLE = Automatic;
				INFOPLIST_FILE = "Magic 8 Ball/Info.plist";
				LD_RUNPATH_SEARCH_PATHS = "$(inherited) @executable_path/Frameworks";
				PRODUCT_BUNDLE_IDENTIFIER = "nothing.Magic-8-Ball";
				PRODUCT_NAME = "$(TARGET_NAME)";
				SWIFT_VERSION = 4.0;
				TARGETED_DEVICE_FAMILY = "1,2";
			};
			name = Debug;
		};
		434F70831FA77983008AA9ED /* Release */ = {
			isa = XCBuildConfiguration;
			buildSettings = {
				ASSETCATALOG_COMPILER_APPICON_NAME = AppIcon;
				CODE_SIGN_STYLE = Automatic;
				INFOPLIST_FILE = "Magic 8 Ball/Info.plist";
				LD_RUNPATH_SEARCH_PATHS = "$(inherited) @executable_path/Frameworks";
				PRODUCT_BUNDLE_IDENTIFIER = "nothing.Magic-8-Ball";
				PRODUCT_NAME = "$(TARGET_NAME)";
				SWIFT_VERSION = 4.0;
				TARGETED_DEVICE_FAMILY = "1,2";
			};
			name = Release;
		};
		434F70851FA77983008AA9ED /* Debug */ = {
			isa = XCBuildConfiguration;
			buildSettings = {
				ALWAYS_EMBED_SWIFT_STANDARD_LIBRARIES = YES;
				BUNDLE_LOADER = "$(TEST_HOST)";
				CODE_SIGN_STYLE = Automatic;
				INFOPLIST_FILE = "Magic 8 BallTests/Info.plist";
				LD_RUNPATH_SEARCH_PATHS = "$(inherited) @executable_path/Frameworks @loader_path/Frameworks";
				PRODUCT_BUNDLE_IDENTIFIER = "nothing.Magic-8-BallTests";
				PRODUCT_NAME = "$(TARGET_NAME)";
				SWIFT_VERSION = 4.0;
				TARGETED_DEVICE_FAMILY = "1,2";
				TEST_HOST = "$(BUILT_PRODUCTS_DIR)/Magic 8 Ball.app/Magic 8 Ball";
			};
			name = Debug;
		};
		434F70861FA77983008AA9ED /* Release */ = {
			isa = XCBuildConfiguration;
			buildSettings = {
				ALWAYS_EMBED_SWIFT_STANDARD_LIBRARIES = YES;
				BUNDLE_LOADER = "$(TEST_HOST)";
				CODE_SIGN_STYLE = Automatic;
				INFOPLIST_FILE = "Magic 8 BallTests/Info.plist";
				LD_RUNPATH_SEARCH_PATHS = "$(inherited) @executable_path/Frameworks @loader_path/Frameworks";
				PRODUCT_BUNDLE_IDENTIFIER = "nothing.Magic-8-BallTests";
				PRODUCT_NAME = "$(TARGET_NAME)";
				SWIFT_VERSION = 4.0;
				TARGETED_DEVICE_FAMILY = "1,2";
				TEST_HOST = "$(BUILT_PRODUCTS_DIR)/Magic 8 Ball.app/Magic 8 Ball";
			};
			name = Release;
		};
/* End XCBuildConfiguration section */

/* Begin XCConfigurationList section */
		434F705C1FA77983008AA9ED /* Build configuration list for PBXProject "Magic 8 Ball" */ = {
			isa = XCConfigurationList;
			buildConfigurations = (
				434F707F1FA77983008AA9ED /* Debug */,
				434F70801FA77983008AA9ED /* Release */,
			);
			defaultConfigurationIsVisible = 0;
			defaultConfigurationName = Release;
		};
		434F70811FA77983008AA9ED /* Build configuration list for PBXNativeTarget "Magic 8 Ball" */ = {
			isa = XCConfigurationList;
			buildConfigurations = (
				434F70821FA77983008AA9ED /* Debug */,
				434F70831FA77983008AA9ED /* Release */,
			);
			defaultConfigurationIsVisible = 0;
			defaultConfigurationName = Release;
		};
		434F70841FA77983008AA9ED /* Build configuration list for PBXNativeTarget "Magic 8 BallTests" */ = {
			isa = XCConfigurationList;
			buildConfigurations = (
				434F70851FA77983008AA9ED /* Debug */,
				434F70861FA77983008AA9ED /* Release */,
			);
			defaultConfigurationIsVisible = 0;
			defaultConfigurationName = Release;
		};
/* End XCConfigurationList section */

/* Begin XCVersionGroup section */
		434F706B1FA77983008AA9ED /* Magic_8_Ball.xcdatamodeld */ = {
			isa = XCVersionGroup;
			children = (
				434F706C1FA77983008AA9ED /* Magic_8_Ball.xcdatamodel */,
			);
			currentVersion = 434F706C1FA77983008AA9ED /* Magic_8_Ball.xcdatamodel */;
			path = Magic_8_Ball.xcdatamodeld;
			sourceTree = "<group>";
			versionGroupType = wrapper.xcdatamodel;
		};
/* End XCVersionGroup section */
	};
	rootObject = 434F70591FA77983008AA9ED /* Project object */;
}
